// !$*UTF8*$!
{
	archiveVersion = 1;
	classes = {
	};
	objectVersion = 56;
	objects = {

/* Begin PBXBuildFile section */
		D4119AB62C11159A00F4EC33 /* FarthingApp.swift in Sources */ = {isa = PBXBuildFile; fileRef = D4119AB52C11159A00F4EC33 /* FarthingApp.swift */; };
		D4119AB82C11159A00F4EC33 /* ContentView.swift in Sources */ = {isa = PBXBuildFile; fileRef = D4119AB72C11159A00F4EC33 /* ContentView.swift */; };
		D4119ABA2C11159B00F4EC33 /* Assets.xcassets in Resources */ = {isa = PBXBuildFile; fileRef = D4119AB92C11159B00F4EC33 /* Assets.xcassets */; };
		D4119ABD2C11159B00F4EC33 /* Preview Assets.xcassets in Resources */ = {isa = PBXBuildFile; fileRef = D4119ABC2C11159B00F4EC33 /* Preview Assets.xcassets */; };
		D4119AC52C11165E00F4EC33 /* Game.swift in Sources */ = {isa = PBXBuildFile; fileRef = D4119AC42C11165E00F4EC33 /* Game.swift */; };
		D4119AC72C1116AE00F4EC33 /* SceneDelegate.swift in Sources */ = {isa = PBXBuildFile; fileRef = D4119AC62C1116AE00F4EC33 /* SceneDelegate.swift */; };
		D4119AC92C11179400F4EC33 /* Scene.swift in Sources */ = {isa = PBXBuildFile; fileRef = D4119AC82C11179400F4EC33 /* Scene.swift */; };
		D4119ACD2C1118BC00F4EC33 /* ECS.swift in Sources */ = {isa = PBXBuildFile; fileRef = D4119ACC2C1118BC00F4EC33 /* ECS.swift */; };
		D4119AD02C111EE600F4EC33 /* Gremlin.swift in Sources */ = {isa = PBXBuildFile; fileRef = D4119ACF2C111EE600F4EC33 /* Gremlin.swift */; };
		D4119AD32C111F6600F4EC33 /* Waypoint.swift in Sources */ = {isa = PBXBuildFile; fileRef = D4119AD22C111F6600F4EC33 /* Waypoint.swift */; };
		D4119AD52C111FAF00F4EC33 /* Handle.swift in Sources */ = {isa = PBXBuildFile; fileRef = D4119AD42C111FAF00F4EC33 /* Handle.swift */; };
		D4119AD72C111FD700F4EC33 /* Selectioner.swift in Sources */ = {isa = PBXBuildFile; fileRef = D4119AD62C111FD700F4EC33 /* Selectioner.swift */; };
		D4119AD92C11205300F4EC33 /* Sprite.swift in Sources */ = {isa = PBXBuildFile; fileRef = D4119AD82C11205300F4EC33 /* Sprite.swift */; };
		D4119ADB2C1123E100F4EC33 /* SelectionMarquee.swift in Sources */ = {isa = PBXBuildFile; fileRef = D4119ADA2C1123E100F4EC33 /* SelectionMarquee.swift */; };
		D4119AE02C1124A600F4EC33 /* InputState.swift in Sources */ = {isa = PBXBuildFile; fileRef = D4119ADF2C1124A600F4EC33 /* InputState.swift */; };
		D4119AE22C115CAF00F4EC33 /* SelectionController.swift in Sources */ = {isa = PBXBuildFile; fileRef = D4119AE12C115CAF00F4EC33 /* SelectionController.swift */; };
		D4119AE42C11F73B00F4EC33 /* SKNode+Extensions.swift in Sources */ = {isa = PBXBuildFile; fileRef = D4119AE32C11F73B00F4EC33 /* SKNode+Extensions.swift */; };
		D4119AE62C1209BF00F4EC33 /* InputStateMachine.swift in Sources */ = {isa = PBXBuildFile; fileRef = D4119AE52C1209BF00F4EC33 /* InputStateMachine.swift */; };
		D4119AEA2C12927A00F4EC33 /* CoreGraphics+Extensions.swift in Sources */ = {isa = PBXBuildFile; fileRef = D4119AE72C12927A00F4EC33 /* CoreGraphics+Extensions.swift */; };
		D4119AEB2C12927A00F4EC33 /* String+Extensions.swift in Sources */ = {isa = PBXBuildFile; fileRef = D4119AE82C12927A00F4EC33 /* String+Extensions.swift */; };
		D4119AED2C12A36A00F4EC33 /* DraggingBackground.swift in Sources */ = {isa = PBXBuildFile; fileRef = D4119AEC2C12A36A00F4EC33 /* DraggingBackground.swift */; };
		D4119AEF2C133A2300F4EC33 /* DraggingGenericEntity.swift in Sources */ = {isa = PBXBuildFile; fileRef = D4119AEE2C133A2300F4EC33 /* DraggingGenericEntity.swift */; };
		D4119AF12C1341D400F4EC33 /* PrimaryState.swift in Sources */ = {isa = PBXBuildFile; fileRef = D4119AF02C1341D400F4EC33 /* PrimaryState.swift */; };
		D4119AF32C13422700F4EC33 /* PlaceWaypoint.swift in Sources */ = {isa = PBXBuildFile; fileRef = D4119AF22C13422700F4EC33 /* PlaceWaypoint.swift */; };
		D4119AF52C13440800F4EC33 /* SpriteWorldView.swift in Sources */ = {isa = PBXBuildFile; fileRef = D4119AF42C13440800F4EC33 /* SpriteWorldView.swift */; };
		D4119AF72C1346E600F4EC33 /* Physics.swift in Sources */ = {isa = PBXBuildFile; fileRef = D4119AF62C1346E600F4EC33 /* Physics.swift */; };
		D4119AF92C13C63F00F4EC33 /* Shape.swift in Sources */ = {isa = PBXBuildFile; fileRef = D4119AF82C13C63F00F4EC33 /* Shape.swift */; };
		D4119AFB2C146BC600F4EC33 /* EditSpaceAttributes.swift in Sources */ = {isa = PBXBuildFile; fileRef = D4119AFA2C146BC600F4EC33 /* EditSpaceAttributes.swift */; };
		D4119AFD2C14762100F4EC33 /* DraggingHandleSpaceAttributes.swift in Sources */ = {isa = PBXBuildFile; fileRef = D4119AFC2C14762100F4EC33 /* DraggingHandleSpaceAttributes.swift */; };
/* End PBXBuildFile section */

/* Begin PBXFileReference section */
		D4119AB22C11159A00F4EC33 /* Farthing.app */ = {isa = PBXFileReference; explicitFileType = wrapper.application; includeInIndex = 0; path = Farthing.app; sourceTree = BUILT_PRODUCTS_DIR; };
		D4119AB52C11159A00F4EC33 /* FarthingApp.swift */ = {isa = PBXFileReference; lastKnownFileType = sourcecode.swift; path = FarthingApp.swift; sourceTree = "<group>"; };
		D4119AB72C11159A00F4EC33 /* ContentView.swift */ = {isa = PBXFileReference; lastKnownFileType = sourcecode.swift; path = ContentView.swift; sourceTree = "<group>"; };
		D4119AB92C11159B00F4EC33 /* Assets.xcassets */ = {isa = PBXFileReference; lastKnownFileType = folder.assetcatalog; path = Assets.xcassets; sourceTree = "<group>"; };
		D4119ABC2C11159B00F4EC33 /* Preview Assets.xcassets */ = {isa = PBXFileReference; lastKnownFileType = folder.assetcatalog; path = "Preview Assets.xcassets"; sourceTree = "<group>"; };
		D4119ABE2C11159B00F4EC33 /* Farthing.entitlements */ = {isa = PBXFileReference; lastKnownFileType = text.plist.entitlements; path = Farthing.entitlements; sourceTree = "<group>"; };
		D4119AC42C11165E00F4EC33 /* Game.swift */ = {isa = PBXFileReference; lastKnownFileType = sourcecode.swift; path = Game.swift; sourceTree = "<group>"; };
		D4119AC62C1116AE00F4EC33 /* SceneDelegate.swift */ = {isa = PBXFileReference; lastKnownFileType = sourcecode.swift; path = SceneDelegate.swift; sourceTree = "<group>"; };
		D4119AC82C11179400F4EC33 /* Scene.swift */ = {isa = PBXFileReference; lastKnownFileType = sourcecode.swift; path = Scene.swift; sourceTree = "<group>"; };
		D4119ACC2C1118BC00F4EC33 /* ECS.swift */ = {isa = PBXFileReference; lastKnownFileType = sourcecode.swift; path = ECS.swift; sourceTree = "<group>"; };
		D4119ACF2C111EE600F4EC33 /* Gremlin.swift */ = {isa = PBXFileReference; lastKnownFileType = sourcecode.swift; path = Gremlin.swift; sourceTree = "<group>"; };
		D4119AD22C111F6600F4EC33 /* Waypoint.swift */ = {isa = PBXFileReference; lastKnownFileType = sourcecode.swift; path = Waypoint.swift; sourceTree = "<group>"; };
		D4119AD42C111FAF00F4EC33 /* Handle.swift */ = {isa = PBXFileReference; lastKnownFileType = sourcecode.swift; path = Handle.swift; sourceTree = "<group>"; };
		D4119AD62C111FD700F4EC33 /* Selectioner.swift */ = {isa = PBXFileReference; lastKnownFileType = sourcecode.swift; path = Selectioner.swift; sourceTree = "<group>"; };
		D4119AD82C11205300F4EC33 /* Sprite.swift */ = {isa = PBXFileReference; lastKnownFileType = sourcecode.swift; path = Sprite.swift; sourceTree = "<group>"; };
		D4119ADA2C1123E100F4EC33 /* SelectionMarquee.swift */ = {isa = PBXFileReference; lastKnownFileType = sourcecode.swift; path = SelectionMarquee.swift; sourceTree = "<group>"; };
		D4119ADF2C1124A600F4EC33 /* InputState.swift */ = {isa = PBXFileReference; lastKnownFileType = sourcecode.swift; path = InputState.swift; sourceTree = "<group>"; };
		D4119AE12C115CAF00F4EC33 /* SelectionController.swift */ = {isa = PBXFileReference; lastKnownFileType = sourcecode.swift; path = SelectionController.swift; sourceTree = "<group>"; };
		D4119AE32C11F73B00F4EC33 /* SKNode+Extensions.swift */ = {isa = PBXFileReference; lastKnownFileType = sourcecode.swift; path = "SKNode+Extensions.swift"; sourceTree = "<group>"; };
		D4119AE52C1209BF00F4EC33 /* InputStateMachine.swift */ = {isa = PBXFileReference; lastKnownFileType = sourcecode.swift; path = InputStateMachine.swift; sourceTree = "<group>"; };
		D4119AE72C12927A00F4EC33 /* CoreGraphics+Extensions.swift */ = {isa = PBXFileReference; fileEncoding = 4; lastKnownFileType = sourcecode.swift; path = "CoreGraphics+Extensions.swift"; sourceTree = "<group>"; };
		D4119AE82C12927A00F4EC33 /* String+Extensions.swift */ = {isa = PBXFileReference; fileEncoding = 4; lastKnownFileType = sourcecode.swift; path = "String+Extensions.swift"; sourceTree = "<group>"; };
		D4119AEC2C12A36A00F4EC33 /* DraggingBackground.swift */ = {isa = PBXFileReference; lastKnownFileType = sourcecode.swift; path = DraggingBackground.swift; sourceTree = "<group>"; };
		D4119AEE2C133A2300F4EC33 /* DraggingGenericEntity.swift */ = {isa = PBXFileReference; lastKnownFileType = sourcecode.swift; path = DraggingGenericEntity.swift; sourceTree = "<group>"; };
		D4119AF02C1341D400F4EC33 /* PrimaryState.swift */ = {isa = PBXFileReference; lastKnownFileType = sourcecode.swift; path = PrimaryState.swift; sourceTree = "<group>"; };
		D4119AF22C13422700F4EC33 /* PlaceWaypoint.swift */ = {isa = PBXFileReference; lastKnownFileType = sourcecode.swift; path = PlaceWaypoint.swift; sourceTree = "<group>"; };
		D4119AF42C13440800F4EC33 /* SpriteWorldView.swift */ = {isa = PBXFileReference; fileEncoding = 4; lastKnownFileType = sourcecode.swift; path = SpriteWorldView.swift; sourceTree = "<group>"; };
		D4119AF62C1346E600F4EC33 /* Physics.swift */ = {isa = PBXFileReference; lastKnownFileType = sourcecode.swift; path = Physics.swift; sourceTree = "<group>"; };
		D4119AF82C13C63F00F4EC33 /* Shape.swift */ = {isa = PBXFileReference; lastKnownFileType = sourcecode.swift; path = Shape.swift; sourceTree = "<group>"; };
		D4119AFA2C146BC600F4EC33 /* EditSpaceAttributes.swift */ = {isa = PBXFileReference; lastKnownFileType = sourcecode.swift; path = EditSpaceAttributes.swift; sourceTree = "<group>"; };
		D4119AFC2C14762100F4EC33 /* DraggingHandleSpaceAttributes.swift */ = {isa = PBXFileReference; lastKnownFileType = sourcecode.swift; path = DraggingHandleSpaceAttributes.swift; sourceTree = "<group>"; };
/* End PBXFileReference section */

/* Begin PBXFrameworksBuildPhase section */
		D4119AAF2C11159A00F4EC33 /* Frameworks */ = {
			isa = PBXFrameworksBuildPhase;
			buildActionMask = 2147483647;
			files = (
			);
			runOnlyForDeploymentPostprocessing = 0;
		};
/* End PBXFrameworksBuildPhase section */

/* Begin PBXGroup section */
		D4119AA92C11159900F4EC33 = {
			isa = PBXGroup;
			children = (
				D4119AB42C11159A00F4EC33 /* Farthing */,
				D4119AB32C11159A00F4EC33 /* Products */,
			);
			sourceTree = "<group>";
		};
		D4119AB32C11159A00F4EC33 /* Products */ = {
			isa = PBXGroup;
			children = (
				D4119AB22C11159A00F4EC33 /* Farthing.app */,
			);
			name = Products;
			sourceTree = "<group>";
		};
		D4119AB42C11159A00F4EC33 /* Farthing */ = {
			isa = PBXGroup;
			children = (
				D4119ACA2C11182500F4EC33 /* ECS */,
				D4119AE92C12927A00F4EC33 /* Extensions */,
				D4119ADE2C11246D00F4EC33 /* InputState */,
				D4119ACB2C11182C00F4EC33 /* SpriteWorld */,
				D4119AB72C11159A00F4EC33 /* ContentView.swift */,
				D4119AB52C11159A00F4EC33 /* FarthingApp.swift */,
				D4119AC42C11165E00F4EC33 /* Game.swift */,
				D4119AE12C115CAF00F4EC33 /* SelectionController.swift */,
				D4119AF42C13440800F4EC33 /* SpriteWorldView.swift */,
				D4119AB92C11159B00F4EC33 /* Assets.xcassets */,
				D4119ABE2C11159B00F4EC33 /* Farthing.entitlements */,
				D4119ABB2C11159B00F4EC33 /* Preview Content */,
			);
			path = Farthing;
			sourceTree = "<group>";
		};
		D4119ABB2C11159B00F4EC33 /* Preview Content */ = {
			isa = PBXGroup;
			children = (
				D4119ABC2C11159B00F4EC33 /* Preview Assets.xcassets */,
			);
			path = "Preview Content";
			sourceTree = "<group>";
		};
		D4119ACA2C11182500F4EC33 /* ECS */ = {
			isa = PBXGroup;
			children = (
				D4119AD12C111F5000F4EC33 /* Components */,
				D4119ACE2C111EB500F4EC33 /* Entities */,
				D4119ACC2C1118BC00F4EC33 /* ECS.swift */,
			);
			path = ECS;
			sourceTree = "<group>";
		};
		D4119ACB2C11182C00F4EC33 /* SpriteWorld */ = {
			isa = PBXGroup;
			children = (
				D4119AF62C1346E600F4EC33 /* Physics.swift */,
				D4119AC82C11179400F4EC33 /* Scene.swift */,
				D4119AC62C1116AE00F4EC33 /* SceneDelegate.swift */,
				D4119ADA2C1123E100F4EC33 /* SelectionMarquee.swift */,
			);
			path = SpriteWorld;
			sourceTree = "<group>";
		};
		D4119ACE2C111EB500F4EC33 /* Entities */ = {
			isa = PBXGroup;
			children = (
				D4119ACF2C111EE600F4EC33 /* Gremlin.swift */,
				D4119AD42C111FAF00F4EC33 /* Handle.swift */,
				D4119AD22C111F6600F4EC33 /* Waypoint.swift */,
			);
			path = Entities;
			sourceTree = "<group>";
		};
		D4119AD12C111F5000F4EC33 /* Components */ = {
			isa = PBXGroup;
			children = (
				D4119AD62C111FD700F4EC33 /* Selectioner.swift */,
				D4119AF82C13C63F00F4EC33 /* Shape.swift */,
				D4119AD82C11205300F4EC33 /* Sprite.swift */,
			);
			path = Components;
			sourceTree = "<group>";
		};
		D4119ADE2C11246D00F4EC33 /* InputState */ = {
			isa = PBXGroup;
			children = (
				D4119AEC2C12A36A00F4EC33 /* DraggingBackground.swift */,
				D4119AFC2C14762100F4EC33 /* DraggingHandleSpaceAttributes.swift */,
				D4119AEE2C133A2300F4EC33 /* DraggingGenericEntity.swift */,
				D4119AFA2C146BC600F4EC33 /* EditSpaceAttributes.swift */,
				D4119ADF2C1124A600F4EC33 /* InputState.swift */,
				D4119AE52C1209BF00F4EC33 /* InputStateMachine.swift */,
				D4119AF02C1341D400F4EC33 /* PrimaryState.swift */,
				D4119AF22C13422700F4EC33 /* PlaceWaypoint.swift */,
			);
			path = InputState;
			sourceTree = "<group>";
		};
		D4119AE92C12927A00F4EC33 /* Extensions */ = {
			isa = PBXGroup;
			children = (
				D4119AE72C12927A00F4EC33 /* CoreGraphics+Extensions.swift */,
				D4119AE32C11F73B00F4EC33 /* SKNode+Extensions.swift */,
				D4119AE82C12927A00F4EC33 /* String+Extensions.swift */,
			);
			path = Extensions;
			sourceTree = "<group>";
		};
/* End PBXGroup section */

/* Begin PBXNativeTarget section */
		D4119AB12C11159A00F4EC33 /* Farthing */ = {
			isa = PBXNativeTarget;
			buildConfigurationList = D4119AC12C11159B00F4EC33 /* Build configuration list for PBXNativeTarget "Farthing" */;
			buildPhases = (
				D4119AAE2C11159A00F4EC33 /* Sources */,
				D4119AAF2C11159A00F4EC33 /* Frameworks */,
				D4119AB02C11159A00F4EC33 /* Resources */,
			);
			buildRules = (
			);
			dependencies = (
			);
			name = Farthing;
			productName = Farthing;
			productReference = D4119AB22C11159A00F4EC33 /* Farthing.app */;
			productType = "com.apple.product-type.application";
		};
/* End PBXNativeTarget section */

/* Begin PBXProject section */
		D4119AAA2C11159900F4EC33 /* Project object */ = {
			isa = PBXProject;
			attributes = {
				BuildIndependentTargetsInParallel = 1;
				LastSwiftUpdateCheck = 1540;
				LastUpgradeCheck = 1540;
				TargetAttributes = {
					D4119AB12C11159A00F4EC33 = {
						CreatedOnToolsVersion = 15.4;
					};
				};
			};
			buildConfigurationList = D4119AAD2C11159900F4EC33 /* Build configuration list for PBXProject "Farthing" */;
			compatibilityVersion = "Xcode 14.0";
			developmentRegion = en;
			hasScannedForEncodings = 0;
			knownRegions = (
				en,
				Base,
			);
			mainGroup = D4119AA92C11159900F4EC33;
			productRefGroup = D4119AB32C11159A00F4EC33 /* Products */;
			projectDirPath = "";
			projectRoot = "";
			targets = (
				D4119AB12C11159A00F4EC33 /* Farthing */,
			);
		};
/* End PBXProject section */

/* Begin PBXResourcesBuildPhase section */
		D4119AB02C11159A00F4EC33 /* Resources */ = {
			isa = PBXResourcesBuildPhase;
			buildActionMask = 2147483647;
			files = (
				D4119ABD2C11159B00F4EC33 /* Preview Assets.xcassets in Resources */,
				D4119ABA2C11159B00F4EC33 /* Assets.xcassets in Resources */,
			);
			runOnlyForDeploymentPostprocessing = 0;
		};
/* End PBXResourcesBuildPhase section */

/* Begin PBXSourcesBuildPhase section */
		D4119AAE2C11159A00F4EC33 /* Sources */ = {
			isa = PBXSourcesBuildPhase;
			buildActionMask = 2147483647;
			files = (
				D4119AB82C11159A00F4EC33 /* ContentView.swift in Sources */,
				D4119AE42C11F73B00F4EC33 /* SKNode+Extensions.swift in Sources */,
				D4119AD72C111FD700F4EC33 /* Selectioner.swift in Sources */,
				D4119AD92C11205300F4EC33 /* Sprite.swift in Sources */,
				D4119AEB2C12927A00F4EC33 /* String+Extensions.swift in Sources */,
				D4119AED2C12A36A00F4EC33 /* DraggingBackground.swift in Sources */,
				D4119ACD2C1118BC00F4EC33 /* ECS.swift in Sources */,
				D4119AD52C111FAF00F4EC33 /* Handle.swift in Sources */,
				D4119AC52C11165E00F4EC33 /* Game.swift in Sources */,
				D4119AC92C11179400F4EC33 /* Scene.swift in Sources */,
				D4119AF92C13C63F00F4EC33 /* Shape.swift in Sources */,
				D4119AEA2C12927A00F4EC33 /* CoreGraphics+Extensions.swift in Sources */,
				D4119AF72C1346E600F4EC33 /* Physics.swift in Sources */,
				D4119AFD2C14762100F4EC33 /* DraggingHandleSpaceAttributes.swift in Sources */,
				D4119AE62C1209BF00F4EC33 /* InputStateMachine.swift in Sources */,
				D4119AF52C13440800F4EC33 /* SpriteWorldView.swift in Sources */,
				D4119ADB2C1123E100F4EC33 /* SelectionMarquee.swift in Sources */,
				D4119AEF2C133A2300F4EC33 /* DraggingGenericEntity.swift in Sources */,
				D4119AE22C115CAF00F4EC33 /* SelectionController.swift in Sources */,
				D4119AD32C111F6600F4EC33 /* Waypoint.swift in Sources */,
				D4119AE02C1124A600F4EC33 /* InputState.swift in Sources */,
				D4119AB62C11159A00F4EC33 /* FarthingApp.swift in Sources */,
				D4119AFB2C146BC600F4EC33 /* EditSpaceAttributes.swift in Sources */,
				D4119AF32C13422700F4EC33 /* PlaceWaypoint.swift in Sources */,
				D4119AC72C1116AE00F4EC33 /* SceneDelegate.swift in Sources */,
				D4119AF12C1341D400F4EC33 /* PrimaryState.swift in Sources */,
				D4119AD02C111EE600F4EC33 /* Gremlin.swift in Sources */,
			);
			runOnlyForDeploymentPostprocessing = 0;
		};
/* End PBXSourcesBuildPhase section */

/* Begin XCBuildConfiguration section */
		D4119ABF2C11159B00F4EC33 /* Debug */ = {
			isa = XCBuildConfiguration;
			buildSettings = {
				ALWAYS_SEARCH_USER_PATHS = NO;
				ASSETCATALOG_COMPILER_GENERATE_SWIFT_ASSET_SYMBOL_EXTENSIONS = YES;
				CLANG_ANALYZER_NONNULL = YES;
				CLANG_ANALYZER_NUMBER_OBJECT_CONVERSION = YES_AGGRESSIVE;
				CLANG_CXX_LANGUAGE_STANDARD = "gnu++20";
				CLANG_ENABLE_MODULES = YES;
				CLANG_ENABLE_OBJC_ARC = YES;
				CLANG_ENABLE_OBJC_WEAK = YES;
				CLANG_WARN_BLOCK_CAPTURE_AUTORELEASING = YES;
				CLANG_WARN_BOOL_CONVERSION = YES;
				CLANG_WARN_COMMA = YES;
				CLANG_WARN_CONSTANT_CONVERSION = YES;
				CLANG_WARN_DEPRECATED_OBJC_IMPLEMENTATIONS = YES;
				CLANG_WARN_DIRECT_OBJC_ISA_USAGE = YES_ERROR;
				CLANG_WARN_DOCUMENTATION_COMMENTS = YES;
				CLANG_WARN_EMPTY_BODY = YES;
				CLANG_WARN_ENUM_CONVERSION = YES;
				CLANG_WARN_INFINITE_RECURSION = YES;
				CLANG_WARN_INT_CONVERSION = YES;
				CLANG_WARN_NON_LITERAL_NULL_CONVERSION = YES;
				CLANG_WARN_OBJC_IMPLICIT_RETAIN_SELF = YES;
				CLANG_WARN_OBJC_LITERAL_CONVERSION = YES;
				CLANG_WARN_OBJC_ROOT_CLASS = YES_ERROR;
				CLANG_WARN_QUOTED_INCLUDE_IN_FRAMEWORK_HEADER = YES;
				CLANG_WARN_RANGE_LOOP_ANALYSIS = YES;
				CLANG_WARN_STRICT_PROTOTYPES = YES;
				CLANG_WARN_SUSPICIOUS_MOVE = YES;
				CLANG_WARN_UNGUARDED_AVAILABILITY = YES_AGGRESSIVE;
				CLANG_WARN_UNREACHABLE_CODE = YES;
				CLANG_WARN__DUPLICATE_METHOD_MATCH = YES;
				COPY_PHASE_STRIP = NO;
				DEBUG_INFORMATION_FORMAT = dwarf;
				ENABLE_STRICT_OBJC_MSGSEND = YES;
				ENABLE_TESTABILITY = YES;
				ENABLE_USER_SCRIPT_SANDBOXING = YES;
				GCC_C_LANGUAGE_STANDARD = gnu17;
				GCC_DYNAMIC_NO_PIC = NO;
				GCC_NO_COMMON_BLOCKS = YES;
				GCC_OPTIMIZATION_LEVEL = 0;
				GCC_PREPROCESSOR_DEFINITIONS = (
					"DEBUG=1",
					"$(inherited)",
				);
				GCC_WARN_64_TO_32_BIT_CONVERSION = YES;
				GCC_WARN_ABOUT_RETURN_TYPE = YES_ERROR;
				GCC_WARN_UNDECLARED_SELECTOR = YES;
				GCC_WARN_UNINITIALIZED_AUTOS = YES_AGGRESSIVE;
				GCC_WARN_UNUSED_FUNCTION = YES;
				GCC_WARN_UNUSED_VARIABLE = YES;
				LOCALIZATION_PREFERS_STRING_CATALOGS = YES;
				MACOSX_DEPLOYMENT_TARGET = 14.5;
				MTL_ENABLE_DEBUG_INFO = INCLUDE_SOURCE;
				MTL_FAST_MATH = YES;
				ONLY_ACTIVE_ARCH = YES;
				SDKROOT = macosx;
				SWIFT_ACTIVE_COMPILATION_CONDITIONS = "DEBUG $(inherited)";
				SWIFT_OPTIMIZATION_LEVEL = "-Onone";
			};
			name = Debug;
		};
		D4119AC02C11159B00F4EC33 /* Release */ = {
			isa = XCBuildConfiguration;
			buildSettings = {
				ALWAYS_SEARCH_USER_PATHS = NO;
				ASSETCATALOG_COMPILER_GENERATE_SWIFT_ASSET_SYMBOL_EXTENSIONS = YES;
				CLANG_ANALYZER_NONNULL = YES;
				CLANG_ANALYZER_NUMBER_OBJECT_CONVERSION = YES_AGGRESSIVE;
				CLANG_CXX_LANGUAGE_STANDARD = "gnu++20";
				CLANG_ENABLE_MODULES = YES;
				CLANG_ENABLE_OBJC_ARC = YES;
				CLANG_ENABLE_OBJC_WEAK = YES;
				CLANG_WARN_BLOCK_CAPTURE_AUTORELEASING = YES;
				CLANG_WARN_BOOL_CONVERSION = YES;
				CLANG_WARN_COMMA = YES;
				CLANG_WARN_CONSTANT_CONVERSION = YES;
				CLANG_WARN_DEPRECATED_OBJC_IMPLEMENTATIONS = YES;
				CLANG_WARN_DIRECT_OBJC_ISA_USAGE = YES_ERROR;
				CLANG_WARN_DOCUMENTATION_COMMENTS = YES;
				CLANG_WARN_EMPTY_BODY = YES;
				CLANG_WARN_ENUM_CONVERSION = YES;
				CLANG_WARN_INFINITE_RECURSION = YES;
				CLANG_WARN_INT_CONVERSION = YES;
				CLANG_WARN_NON_LITERAL_NULL_CONVERSION = YES;
				CLANG_WARN_OBJC_IMPLICIT_RETAIN_SELF = YES;
				CLANG_WARN_OBJC_LITERAL_CONVERSION = YES;
				CLANG_WARN_OBJC_ROOT_CLASS = YES_ERROR;
				CLANG_WARN_QUOTED_INCLUDE_IN_FRAMEWORK_HEADER = YES;
				CLANG_WARN_RANGE_LOOP_ANALYSIS = YES;
				CLANG_WARN_STRICT_PROTOTYPES = YES;
				CLANG_WARN_SUSPICIOUS_MOVE = YES;
				CLANG_WARN_UNGUARDED_AVAILABILITY = YES_AGGRESSIVE;
				CLANG_WARN_UNREACHABLE_CODE = YES;
				CLANG_WARN__DUPLICATE_METHOD_MATCH = YES;
				COPY_PHASE_STRIP = NO;
				DEBUG_INFORMATION_FORMAT = "dwarf-with-dsym";
				ENABLE_NS_ASSERTIONS = NO;
				ENABLE_STRICT_OBJC_MSGSEND = YES;
				ENABLE_USER_SCRIPT_SANDBOXING = YES;
				GCC_C_LANGUAGE_STANDARD = gnu17;
				GCC_NO_COMMON_BLOCKS = YES;
				GCC_WARN_64_TO_32_BIT_CONVERSION = YES;
				GCC_WARN_ABOUT_RETURN_TYPE = YES_ERROR;
				GCC_WARN_UNDECLARED_SELECTOR = YES;
				GCC_WARN_UNINITIALIZED_AUTOS = YES_AGGRESSIVE;
				GCC_WARN_UNUSED_FUNCTION = YES;
				GCC_WARN_UNUSED_VARIABLE = YES;
				LOCALIZATION_PREFERS_STRING_CATALOGS = YES;
				MACOSX_DEPLOYMENT_TARGET = 14.5;
				MTL_ENABLE_DEBUG_INFO = NO;
				MTL_FAST_MATH = YES;
				SDKROOT = macosx;
				SWIFT_COMPILATION_MODE = wholemodule;
			};
			name = Release;
		};
		D4119AC22C11159B00F4EC33 /* Debug */ = {
			isa = XCBuildConfiguration;
			buildSettings = {
				ASSETCATALOG_COMPILER_APPICON_NAME = AppIcon;
				ASSETCATALOG_COMPILER_GLOBAL_ACCENT_COLOR_NAME = AccentColor;
				CODE_SIGN_ENTITLEMENTS = Farthing/Farthing.entitlements;
				CODE_SIGN_STYLE = Automatic;
				COMBINE_HIDPI_IMAGES = YES;
				CURRENT_PROJECT_VERSION = 1;
				DEVELOPMENT_ASSET_PATHS = "\"Farthing/Preview Content\"";
				DEVELOPMENT_TEAM = DD983V4X84;
				ENABLE_HARDENED_RUNTIME = YES;
				ENABLE_PREVIEWS = YES;
				GENERATE_INFOPLIST_FILE = YES;
				INFOPLIST_KEY_NSHumanReadableCopyright = "";
				LD_RUNPATH_SEARCH_PATHS = (
					"$(inherited)",
					"@executable_path/../Frameworks",
				);
				MARKETING_VERSION = 1.0;
				PRODUCT_BUNDLE_IDENTIFIER = com.saganritual.Farthing;
				PRODUCT_NAME = "$(TARGET_NAME)";
				SWIFT_EMIT_LOC_STRINGS = YES;
				SWIFT_VERSION = 5.0;
			};
			name = Debug;
		};
		D4119AC32C11159B00F4EC33 /* Release */ = {
			isa = XCBuildConfiguration;
			buildSettings = {
				ASSETCATALOG_COMPILER_APPICON_NAME = AppIcon;
				ASSETCATALOG_COMPILER_GLOBAL_ACCENT_COLOR_NAME = AccentColor;
				CODE_SIGN_ENTITLEMENTS = Farthing/Farthing.entitlements;
				CODE_SIGN_STYLE = Automatic;
				COMBINE_HIDPI_IMAGES = YES;
				CURRENT_PROJECT_VERSION = 1;
				DEVELOPMENT_ASSET_PATHS = "\"Farthing/Preview Content\"";
				DEVELOPMENT_TEAM = DD983V4X84;
				ENABLE_HARDENED_RUNTIME = YES;
				ENABLE_PREVIEWS = YES;
				GENERATE_INFOPLIST_FILE = YES;
				INFOPLIST_KEY_NSHumanReadableCopyright = "";
				LD_RUNPATH_SEARCH_PATHS = (
					"$(inherited)",
					"@executable_path/../Frameworks",
				);
				MARKETING_VERSION = 1.0;
				PRODUCT_BUNDLE_IDENTIFIER = com.saganritual.Farthing;
				PRODUCT_NAME = "$(TARGET_NAME)";
				SWIFT_EMIT_LOC_STRINGS = YES;
				SWIFT_VERSION = 5.0;
			};
			name = Release;
		};
/* End XCBuildConfiguration section */

/* Begin XCConfigurationList section */
		D4119AAD2C11159900F4EC33 /* Build configuration list for PBXProject "Farthing" */ = {
			isa = XCConfigurationList;
			buildConfigurations = (
				D4119ABF2C11159B00F4EC33 /* Debug */,
				D4119AC02C11159B00F4EC33 /* Release */,
			);
			defaultConfigurationIsVisible = 0;
			defaultConfigurationName = Release;
		};
		D4119AC12C11159B00F4EC33 /* Build configuration list for PBXNativeTarget "Farthing" */ = {
			isa = XCConfigurationList;
			buildConfigurations = (
				D4119AC22C11159B00F4EC33 /* Debug */,
				D4119AC32C11159B00F4EC33 /* Release */,
			);
			defaultConfigurationIsVisible = 0;
			defaultConfigurationName = Release;
		};
/* End XCConfigurationList section */
	};
	rootObject = D4119AAA2C11159900F4EC33 /* Project object */;
}
